// !$*UTF8*$!
{
	archiveVersion = 1;
	classes = {
	};
	objectVersion = 56;
	objects = {

/* Begin PBXBuildFile section */
		5FFACA9B29E436BE006507AD /* RickyAndMortyAppApp.swift in Sources */ = {isa = PBXBuildFile; fileRef = 5FFACA9A29E436BE006507AD /* RickyAndMortyAppApp.swift */; };
		5FFACA9F29E436C1006507AD /* Assets.xcassets in Resources */ = {isa = PBXBuildFile; fileRef = 5FFACA9E29E436C1006507AD /* Assets.xcassets */; };
		5FFACAA229E436C2006507AD /* Preview Assets.xcassets in Resources */ = {isa = PBXBuildFile; fileRef = 5FFACAA129E436C2006507AD /* Preview Assets.xcassets */; };
		5FFACAAE29E43DF7006507AD /* CharacterModel.swift in Sources */ = {isa = PBXBuildFile; fileRef = 5FFACAAD29E43DF7006507AD /* CharacterModel.swift */; };
		5FFACAB029E43E77006507AD /* LocationModel.swift in Sources */ = {isa = PBXBuildFile; fileRef = 5FFACAAF29E43E77006507AD /* LocationModel.swift */; };
		5FFACAB329E4C8B3006507AD /* NetworkManager.swift in Sources */ = {isa = PBXBuildFile; fileRef = 5FFACAB229E4C8B3006507AD /* NetworkManager.swift */; };
		5FFACAB529E4C9D0006507AD /* Service.swift in Sources */ = {isa = PBXBuildFile; fileRef = 5FFACAB429E4C9D0006507AD /* Service.swift */; };
		5FFACAB829E4CB13006507AD /* HomeViewModel.swift in Sources */ = {isa = PBXBuildFile; fileRef = 5FFACAB729E4CB13006507AD /* HomeViewModel.swift */; };
		5FFACABA29E4CB5E006507AD /* HomeView.swift in Sources */ = {isa = PBXBuildFile; fileRef = 5FFACAB929E4CB5E006507AD /* HomeView.swift */; };
		5FFACABC29E4D7DE006507AD /* CharacterListView.swift in Sources */ = {isa = PBXBuildFile; fileRef = 5FFACABB29E4D7DE006507AD /* CharacterListView.swift */; };
		5FFACAC529E6DED7006507AD /* CharacterDetailView.swift in Sources */ = {isa = PBXBuildFile; fileRef = 5FFACAC429E6DED7006507AD /* CharacterDetailView.swift */; };
		5FFACAC729E6DF14006507AD /* CharacterHeaderView.swift in Sources */ = {isa = PBXBuildFile; fileRef = 5FFACAC629E6DF14006507AD /* CharacterHeaderView.swift */; };
		5FFACACC29E6E9AF006507AD /* CharacterSubDetailView.swift in Sources */ = {isa = PBXBuildFile; fileRef = 5FFACACB29E6E9AF006507AD /* CharacterSubDetailView.swift */; };
		5FFACACE29E705DC006507AD /* SplashView.swift in Sources */ = {isa = PBXBuildFile; fileRef = 5FFACACD29E705DC006507AD /* SplashView.swift */; };
		5FFACAD129E70656006507AD /* 39133-the-morty-dance-loader.json in Resources */ = {isa = PBXBuildFile; fileRef = 5FFACAD029E70656006507AD /* 39133-the-morty-dance-loader.json */; };
		5FFACAD429E706C0006507AD /* Lottie in Frameworks */ = {isa = PBXBuildFile; productRef = 5FFACAD329E706C0006507AD /* Lottie */; };
		5FFACAD629E7077A006507AD /* LottieAnimationView.swift in Sources */ = {isa = PBXBuildFile; fileRef = 5FFACAD529E7077A006507AD /* LottieAnimationView.swift */; };
/* End PBXBuildFile section */

/* Begin PBXFileReference section */
		5FFACA9729E436BE006507AD /* RickyAndMortyApp.app */ = {isa = PBXFileReference; explicitFileType = wrapper.application; includeInIndex = 0; path = RickyAndMortyApp.app; sourceTree = BUILT_PRODUCTS_DIR; };
		5FFACA9A29E436BE006507AD /* RickyAndMortyAppApp.swift */ = {isa = PBXFileReference; lastKnownFileType = sourcecode.swift; path = RickyAndMortyAppApp.swift; sourceTree = "<group>"; };
		5FFACA9E29E436C1006507AD /* Assets.xcassets */ = {isa = PBXFileReference; lastKnownFileType = folder.assetcatalog; path = Assets.xcassets; sourceTree = "<group>"; };
		5FFACAA129E436C2006507AD /* Preview Assets.xcassets */ = {isa = PBXFileReference; lastKnownFileType = folder.assetcatalog; path = "Preview Assets.xcassets"; sourceTree = "<group>"; };
		5FFACAAD29E43DF7006507AD /* CharacterModel.swift */ = {isa = PBXFileReference; lastKnownFileType = sourcecode.swift; path = CharacterModel.swift; sourceTree = "<group>"; };
		5FFACAAF29E43E77006507AD /* LocationModel.swift */ = {isa = PBXFileReference; lastKnownFileType = sourcecode.swift; path = LocationModel.swift; sourceTree = "<group>"; };
		5FFACAB229E4C8B3006507AD /* NetworkManager.swift */ = {isa = PBXFileReference; lastKnownFileType = sourcecode.swift; path = NetworkManager.swift; sourceTree = "<group>"; };
		5FFACAB429E4C9D0006507AD /* Service.swift */ = {isa = PBXFileReference; lastKnownFileType = sourcecode.swift; path = Service.swift; sourceTree = "<group>"; };
		5FFACAB729E4CB13006507AD /* HomeViewModel.swift */ = {isa = PBXFileReference; lastKnownFileType = sourcecode.swift; path = HomeViewModel.swift; sourceTree = "<group>"; };
		5FFACAB929E4CB5E006507AD /* HomeView.swift */ = {isa = PBXFileReference; lastKnownFileType = sourcecode.swift; path = HomeView.swift; sourceTree = "<group>"; };
		5FFACABB29E4D7DE006507AD /* CharacterListView.swift */ = {isa = PBXFileReference; lastKnownFileType = sourcecode.swift; path = CharacterListView.swift; sourceTree = "<group>"; };
		5FFACAC429E6DED7006507AD /* CharacterDetailView.swift */ = {isa = PBXFileReference; lastKnownFileType = sourcecode.swift; path = CharacterDetailView.swift; sourceTree = "<group>"; };
		5FFACAC629E6DF14006507AD /* CharacterHeaderView.swift */ = {isa = PBXFileReference; lastKnownFileType = sourcecode.swift; path = CharacterHeaderView.swift; sourceTree = "<group>"; };
		5FFACACB29E6E9AF006507AD /* CharacterSubDetailView.swift */ = {isa = PBXFileReference; lastKnownFileType = sourcecode.swift; path = CharacterSubDetailView.swift; sourceTree = "<group>"; };
		5FFACACD29E705DC006507AD /* SplashView.swift */ = {isa = PBXFileReference; lastKnownFileType = sourcecode.swift; path = SplashView.swift; sourceTree = "<group>"; };
		5FFACAD029E70656006507AD /* 39133-the-morty-dance-loader.json */ = {isa = PBXFileReference; fileEncoding = 4; lastKnownFileType = text.json; path = "39133-the-morty-dance-loader.json"; sourceTree = "<group>"; };
		5FFACAD529E7077A006507AD /* LottieAnimationView.swift */ = {isa = PBXFileReference; lastKnownFileType = sourcecode.swift; path = LottieAnimationView.swift; sourceTree = "<group>"; };
/* End PBXFileReference section */

/* Begin PBXFrameworksBuildPhase section */
		5FFACA9429E436BE006507AD /* Frameworks */ = {
			isa = PBXFrameworksBuildPhase;
			buildActionMask = 2147483647;
			files = (
				5FFACAD429E706C0006507AD /* Lottie in Frameworks */,
			);
			runOnlyForDeploymentPostprocessing = 0;
		};
/* End PBXFrameworksBuildPhase section */

/* Begin PBXGroup section */
		5FFACA8E29E436BE006507AD = {
			isa = PBXGroup;
			children = (
				5FFACA9929E436BE006507AD /* RickyAndMortyApp */,
				5FFACA9829E436BE006507AD /* Products */,
			);
			sourceTree = "<group>";
		};
		5FFACA9829E436BE006507AD /* Products */ = {
			isa = PBXGroup;
			children = (
				5FFACA9729E436BE006507AD /* RickyAndMortyApp.app */,
			);
			name = Products;
			sourceTree = "<group>";
		};
		5FFACA9929E436BE006507AD /* RickyAndMortyApp */ = {
			isa = PBXGroup;
			children = (
				5FFACAB629E4CAEB006507AD /* ViewModel */,
				5FFACAB129E4C895006507AD /* NetworkManager */,
				5FFACAA829E438E3006507AD /* App */,
				5FFACAAB29E4391F006507AD /* Model */,
				5FFACAAA29E43914006507AD /* View */,
				5FFACAAC29E4392A006507AD /* Api */,
				5FFACACF29E7063B006507AD /* Resources */,
				5FFACAA029E436C2006507AD /* Preview Content */,
			);
			path = RickyAndMortyApp;
			sourceTree = "<group>";
		};
		5FFACAA029E436C2006507AD /* Preview Content */ = {
			isa = PBXGroup;
			children = (
				5FFACAA129E436C2006507AD /* Preview Assets.xcassets */,
			);
			path = "Preview Content";
			sourceTree = "<group>";
		};
		5FFACAA829E438E3006507AD /* App */ = {
			isa = PBXGroup;
			children = (
				5FFACA9A29E436BE006507AD /* RickyAndMortyAppApp.swift */,
				5FFACACD29E705DC006507AD /* SplashView.swift */,
				5FFACAB929E4CB5E006507AD /* HomeView.swift */,
				5FFACAC429E6DED7006507AD /* CharacterDetailView.swift */,
			);
			path = App;
			sourceTree = "<group>";
		};
		5FFACAAA29E43914006507AD /* View */ = {
			isa = PBXGroup;
			children = (
				5FFACABB29E4D7DE006507AD /* CharacterListView.swift */,
				5FFACAC629E6DF14006507AD /* CharacterHeaderView.swift */,
				5FFACACB29E6E9AF006507AD /* CharacterSubDetailView.swift */,
				5FFACAD529E7077A006507AD /* LottieAnimationView.swift */,
			);
			path = View;
			sourceTree = "<group>";
		};
		5FFACAAB29E4391F006507AD /* Model */ = {
			isa = PBXGroup;
			children = (
				5FFACAAD29E43DF7006507AD /* CharacterModel.swift */,
				5FFACAAF29E43E77006507AD /* LocationModel.swift */,
			);
			path = Model;
			sourceTree = "<group>";
		};
		5FFACAAC29E4392A006507AD /* Api */ = {
			isa = PBXGroup;
			children = (
				5FFACAB429E4C9D0006507AD /* Service.swift */,
			);
			path = Api;
			sourceTree = "<group>";
		};
		5FFACAB129E4C895006507AD /* NetworkManager */ = {
			isa = PBXGroup;
			children = (
				5FFACAB229E4C8B3006507AD /* NetworkManager.swift */,
			);
			path = NetworkManager;
			sourceTree = "<group>";
		};
		5FFACAB629E4CAEB006507AD /* ViewModel */ = {
			isa = PBXGroup;
			children = (
				5FFACAB729E4CB13006507AD /* HomeViewModel.swift */,
			);
			path = ViewModel;
			sourceTree = "<group>";
		};
		5FFACACF29E7063B006507AD /* Resources */ = {
			isa = PBXGroup;
			children = (
				5FFACA9E29E436C1006507AD /* Assets.xcassets */,
				5FFACAD029E70656006507AD /* 39133-the-morty-dance-loader.json */,
			);
			path = Resources;
			sourceTree = "<group>";
		};
/* End PBXGroup section */

/* Begin PBXNativeTarget section */
		5FFACA9629E436BE006507AD /* RickyAndMortyApp */ = {
			isa = PBXNativeTarget;
			buildConfigurationList = 5FFACAA529E436C2006507AD /* Build configuration list for PBXNativeTarget "RickyAndMortyApp" */;
			buildPhases = (
				5FFACA9329E436BE006507AD /* Sources */,
				5FFACA9429E436BE006507AD /* Frameworks */,
				5FFACA9529E436BE006507AD /* Resources */,
			);
			buildRules = (
			);
			dependencies = (
			);
			name = RickyAndMortyApp;
			packageProductDependencies = (
				5FFACAD329E706C0006507AD /* Lottie */,
			);
			productName = RickyAndMortyApp;
			productReference = 5FFACA9729E436BE006507AD /* RickyAndMortyApp.app */;
			productType = "com.apple.product-type.application";
		};
/* End PBXNativeTarget section */

/* Begin PBXProject section */
		5FFACA8F29E436BE006507AD /* Project object */ = {
			isa = PBXProject;
			attributes = {
				BuildIndependentTargetsInParallel = 1;
				LastSwiftUpdateCheck = 1420;
				LastUpgradeCheck = 1420;
				TargetAttributes = {
					5FFACA9629E436BE006507AD = {
						CreatedOnToolsVersion = 14.2;
					};
				};
			};
			buildConfigurationList = 5FFACA9229E436BE006507AD /* Build configuration list for PBXProject "RickyAndMortyApp" */;
			compatibilityVersion = "Xcode 14.0";
			developmentRegion = en;
			hasScannedForEncodings = 0;
			knownRegions = (
				en,
				Base,
			);
			mainGroup = 5FFACA8E29E436BE006507AD;
			packageReferences = (
				5FFACAD229E706C0006507AD /* XCRemoteSwiftPackageReference "lottie-ios" */,
			);
			productRefGroup = 5FFACA9829E436BE006507AD /* Products */;
			projectDirPath = "";
			projectRoot = "";
			targets = (
				5FFACA9629E436BE006507AD /* RickyAndMortyApp */,
			);
		};
/* End PBXProject section */

/* Begin PBXResourcesBuildPhase section */
		5FFACA9529E436BE006507AD /* Resources */ = {
			isa = PBXResourcesBuildPhase;
			buildActionMask = 2147483647;
			files = (
				5FFACAA229E436C2006507AD /* Preview Assets.xcassets in Resources */,
				5FFACAD129E70656006507AD /* 39133-the-morty-dance-loader.json in Resources */,
				5FFACA9F29E436C1006507AD /* Assets.xcassets in Resources */,
			);
			runOnlyForDeploymentPostprocessing = 0;
		};
/* End PBXResourcesBuildPhase section */

/* Begin PBXSourcesBuildPhase section */
		5FFACA9329E436BE006507AD /* Sources */ = {
			isa = PBXSourcesBuildPhase;
			buildActionMask = 2147483647;
			files = (
				5FFACAB029E43E77006507AD /* LocationModel.swift in Sources */,
				5FFACAAE29E43DF7006507AD /* CharacterModel.swift in Sources */,
				5FFACAB829E4CB13006507AD /* HomeViewModel.swift in Sources */,
				5FFACABC29E4D7DE006507AD /* CharacterListView.swift in Sources */,
				5FFACAC529E6DED7006507AD /* CharacterDetailView.swift in Sources */,
				5FFACAC729E6DF14006507AD /* CharacterHeaderView.swift in Sources */,
				5FFACAB329E4C8B3006507AD /* NetworkManager.swift in Sources */,
				5FFACABA29E4CB5E006507AD /* HomeView.swift in Sources */,
				5FFACACC29E6E9AF006507AD /* CharacterSubDetailView.swift in Sources */,
				5FFACA9B29E436BE006507AD /* RickyAndMortyAppApp.swift in Sources */,
				5FFACAB529E4C9D0006507AD /* Service.swift in Sources */,
				5FFACAD629E7077A006507AD /* LottieAnimationView.swift in Sources */,
				5FFACACE29E705DC006507AD /* SplashView.swift in Sources */,
			);
			runOnlyForDeploymentPostprocessing = 0;
		};
/* End PBXSourcesBuildPhase section */

/* Begin XCBuildConfiguration section */
		5FFACAA329E436C2006507AD /* Debug */ = {
			isa = XCBuildConfiguration;
			buildSettings = {
				ALWAYS_SEARCH_USER_PATHS = NO;
				CLANG_ANALYZER_NONNULL = YES;
				CLANG_ANALYZER_NUMBER_OBJECT_CONVERSION = YES_AGGRESSIVE;
				CLANG_CXX_LANGUAGE_STANDARD = "gnu++20";
				CLANG_ENABLE_MODULES = YES;
				CLANG_ENABLE_OBJC_ARC = YES;
				CLANG_ENABLE_OBJC_WEAK = YES;
				CLANG_WARN_BLOCK_CAPTURE_AUTORELEASING = YES;
				CLANG_WARN_BOOL_CONVERSION = YES;
				CLANG_WARN_COMMA = YES;
				CLANG_WARN_CONSTANT_CONVERSION = YES;
				CLANG_WARN_DEPRECATED_OBJC_IMPLEMENTATIONS = YES;
				CLANG_WARN_DIRECT_OBJC_ISA_USAGE = YES_ERROR;
				CLANG_WARN_DOCUMENTATION_COMMENTS = YES;
				CLANG_WARN_EMPTY_BODY = YES;
				CLANG_WARN_ENUM_CONVERSION = YES;
				CLANG_WARN_INFINITE_RECURSION = YES;
				CLANG_WARN_INT_CONVERSION = YES;
				CLANG_WARN_NON_LITERAL_NULL_CONVERSION = YES;
				CLANG_WARN_OBJC_IMPLICIT_RETAIN_SELF = YES;
				CLANG_WARN_OBJC_LITERAL_CONVERSION = YES;
				CLANG_WARN_OBJC_ROOT_CLASS = YES_ERROR;
				CLANG_WARN_QUOTED_INCLUDE_IN_FRAMEWORK_HEADER = YES;
				CLANG_WARN_RANGE_LOOP_ANALYSIS = YES;
				CLANG_WARN_STRICT_PROTOTYPES = YES;
				CLANG_WARN_SUSPICIOUS_MOVE = YES;
				CLANG_WARN_UNGUARDED_AVAILABILITY = YES_AGGRESSIVE;
				CLANG_WARN_UNREACHABLE_CODE = YES;
				CLANG_WARN__DUPLICATE_METHOD_MATCH = YES;
				COPY_PHASE_STRIP = NO;
				DEBUG_INFORMATION_FORMAT = dwarf;
				ENABLE_STRICT_OBJC_MSGSEND = YES;
				ENABLE_TESTABILITY = YES;
				GCC_C_LANGUAGE_STANDARD = gnu11;
				GCC_DYNAMIC_NO_PIC = NO;
				GCC_NO_COMMON_BLOCKS = YES;
				GCC_OPTIMIZATION_LEVEL = 0;
				GCC_PREPROCESSOR_DEFINITIONS = (
					"DEBUG=1",
					"$(inherited)",
				);
				GCC_WARN_64_TO_32_BIT_CONVERSION = YES;
				GCC_WARN_ABOUT_RETURN_TYPE = YES_ERROR;
				GCC_WARN_UNDECLARED_SELECTOR = YES;
				GCC_WARN_UNINITIALIZED_AUTOS = YES_AGGRESSIVE;
				GCC_WARN_UNUSED_FUNCTION = YES;
				GCC_WARN_UNUSED_VARIABLE = YES;
				IPHONEOS_DEPLOYMENT_TARGET = 16.2;
				MTL_ENABLE_DEBUG_INFO = INCLUDE_SOURCE;
				MTL_FAST_MATH = YES;
				ONLY_ACTIVE_ARCH = YES;
				SDKROOT = iphoneos;
				SWIFT_ACTIVE_COMPILATION_CONDITIONS = DEBUG;
				SWIFT_OPTIMIZATION_LEVEL = "-Onone";
			};
			name = Debug;
		};
		5FFACAA429E436C2006507AD /* Release */ = {
			isa = XCBuildConfiguration;
			buildSettings = {
				ALWAYS_SEARCH_USER_PATHS = NO;
				CLANG_ANALYZER_NONNULL = YES;
				CLANG_ANALYZER_NUMBER_OBJECT_CONVERSION = YES_AGGRESSIVE;
				CLANG_CXX_LANGUAGE_STANDARD = "gnu++20";
				CLANG_ENABLE_MODULES = YES;
				CLANG_ENABLE_OBJC_ARC = YES;
				CLANG_ENABLE_OBJC_WEAK = YES;
				CLANG_WARN_BLOCK_CAPTURE_AUTORELEASING = YES;
				CLANG_WARN_BOOL_CONVERSION = YES;
				CLANG_WARN_COMMA = YES;
				CLANG_WARN_CONSTANT_CONVERSION = YES;
				CLANG_WARN_DEPRECATED_OBJC_IMPLEMENTATIONS = YES;
				CLANG_WARN_DIRECT_OBJC_ISA_USAGE = YES_ERROR;
				CLANG_WARN_DOCUMENTATION_COMMENTS = YES;
				CLANG_WARN_EMPTY_BODY = YES;
				CLANG_WARN_ENUM_CONVERSION = YES;
				CLANG_WARN_INFINITE_RECURSION = YES;
				CLANG_WARN_INT_CONVERSION = YES;
				CLANG_WARN_NON_LITERAL_NULL_CONVERSION = YES;
				CLANG_WARN_OBJC_IMPLICIT_RETAIN_SELF = YES;
				CLANG_WARN_OBJC_LITERAL_CONVERSION = YES;
				CLANG_WARN_OBJC_ROOT_CLASS = YES_ERROR;
				CLANG_WARN_QUOTED_INCLUDE_IN_FRAMEWORK_HEADER = YES;
				CLANG_WARN_RANGE_LOOP_ANALYSIS = YES;
				CLANG_WARN_STRICT_PROTOTYPES = YES;
				CLANG_WARN_SUSPICIOUS_MOVE = YES;
				CLANG_WARN_UNGUARDED_AVAILABILITY = YES_AGGRESSIVE;
				CLANG_WARN_UNREACHABLE_CODE = YES;
				CLANG_WARN__DUPLICATE_METHOD_MATCH = YES;
				COPY_PHASE_STRIP = NO;
				DEBUG_INFORMATION_FORMAT = "dwarf-with-dsym";
				ENABLE_NS_ASSERTIONS = NO;
				ENABLE_STRICT_OBJC_MSGSEND = YES;
				GCC_C_LANGUAGE_STANDARD = gnu11;
				GCC_NO_COMMON_BLOCKS = YES;
				GCC_WARN_64_TO_32_BIT_CONVERSION = YES;
				GCC_WARN_ABOUT_RETURN_TYPE = YES_ERROR;
				GCC_WARN_UNDECLARED_SELECTOR = YES;
				GCC_WARN_UNINITIALIZED_AUTOS = YES_AGGRESSIVE;
				GCC_WARN_UNUSED_FUNCTION = YES;
				GCC_WARN_UNUSED_VARIABLE = YES;
				IPHONEOS_DEPLOYMENT_TARGET = 16.2;
				MTL_ENABLE_DEBUG_INFO = NO;
				MTL_FAST_MATH = YES;
				SDKROOT = iphoneos;
				SWIFT_COMPILATION_MODE = wholemodule;
				SWIFT_OPTIMIZATION_LEVEL = "-O";
				VALIDATE_PRODUCT = YES;
			};
			name = Release;
		};
		5FFACAA629E436C2006507AD /* Debug */ = {
			isa = XCBuildConfiguration;
			buildSettings = {
				ASSETCATALOG_COMPILER_APPICON_NAME = AppIcon;
				ASSETCATALOG_COMPILER_GLOBAL_ACCENT_COLOR_NAME = AccentColor;
				CODE_SIGN_STYLE = Automatic;
				CURRENT_PROJECT_VERSION = 1;
				DEVELOPMENT_ASSET_PATHS = "\"RickyAndMortyApp/Preview Content\"";
				DEVELOPMENT_TEAM = PJ76Y6C4AM;
				ENABLE_PREVIEWS = YES;
				GENERATE_INFOPLIST_FILE = YES;
				INFOPLIST_KEY_UIApplicationSceneManifest_Generation = YES;
				INFOPLIST_KEY_UIApplicationSupportsIndirectInputEvents = YES;
				INFOPLIST_KEY_UILaunchScreen_Generation = YES;
				INFOPLIST_KEY_UISupportedInterfaceOrientations_iPad = "UIInterfaceOrientationPortrait UIInterfaceOrientationPortraitUpsideDown UIInterfaceOrientationLandscapeLeft UIInterfaceOrientationLandscapeRight";
				INFOPLIST_KEY_UISupportedInterfaceOrientations_iPhone = "UIInterfaceOrientationPortrait UIInterfaceOrientationLandscapeLeft UIInterfaceOrientationLandscapeRight";
				IPHONEOS_DEPLOYMENT_TARGET = 15.0;
				LD_RUNPATH_SEARCH_PATHS = (
					"$(inherited)",
					"@executable_path/Frameworks",
				);
				MARKETING_VERSION = 1.0;
				PRODUCT_BUNDLE_IDENTIFIER = com.edorfs.RickyAndMortyApp;
				PRODUCT_NAME = "$(TARGET_NAME)";
				SWIFT_EMIT_LOC_STRINGS = YES;
				SWIFT_VERSION = 5.0;
				TARGETED_DEVICE_FAMILY = "1,2";
			};
			name = Debug;
		};
		5FFACAA729E436C2006507AD /* Release */ = {
			isa = XCBuildConfiguration;
			buildSettings = {
				ASSETCATALOG_COMPILER_APPICON_NAME = AppIcon;
				ASSETCATALOG_COMPILER_GLOBAL_ACCENT_COLOR_NAME = AccentColor;
				CODE_SIGN_STYLE = Automatic;
				CURRENT_PROJECT_VERSION = 1;
				DEVELOPMENT_ASSET_PATHS = "\"RickyAndMortyApp/Preview Content\"";
				DEVELOPMENT_TEAM = PJ76Y6C4AM;
				ENABLE_PREVIEWS = YES;
				GENERATE_INFOPLIST_FILE = YES;
				INFOPLIST_KEY_UIApplicationSceneManifest_Generation = YES;
				INFOPLIST_KEY_UIApplicationSupportsIndirectInputEvents = YES;
				INFOPLIST_KEY_UILaunchScreen_Generation = YES;
				INFOPLIST_KEY_UISupportedInterfaceOrientations_iPad = "UIInterfaceOrientationPortrait UIInterfaceOrientationPortraitUpsideDown UIInterfaceOrientationLandscapeLeft UIInterfaceOrientationLandscapeRight";
				INFOPLIST_KEY_UISupportedInterfaceOrientations_iPhone = "UIInterfaceOrientationPortrait UIInterfaceOrientationLandscapeLeft UIInterfaceOrientationLandscapeRight";
				IPHONEOS_DEPLOYMENT_TARGET = 15.0;
				LD_RUNPATH_SEARCH_PATHS = (
					"$(inherited)",
					"@executable_path/Frameworks",
				);
				MARKETING_VERSION = 1.0;
				PRODUCT_BUNDLE_IDENTIFIER = com.edorfs.RickyAndMortyApp;
				PRODUCT_NAME = "$(TARGET_NAME)";
				SWIFT_EMIT_LOC_STRINGS = YES;
				SWIFT_VERSION = 5.0;
				TARGETED_DEVICE_FAMILY = "1,2";
			};
			name = Release;
		};
/* End XCBuildConfiguration section */

/* Begin XCConfigurationList section */
		5FFACA9229E436BE006507AD /* Build configuration list for PBXProject "RickyAndMortyApp" */ = {
			isa = XCConfigurationList;
			buildConfigurations = (
				5FFACAA329E436C2006507AD /* Debug */,
				5FFACAA429E436C2006507AD /* Release */,
			);
			defaultConfigurationIsVisible = 0;
			defaultConfigurationName = Release;
		};
		5FFACAA529E436C2006507AD /* Build configuration list for PBXNativeTarget "RickyAndMortyApp" */ = {
			isa = XCConfigurationList;
			buildConfigurations = (
				5FFACAA629E436C2006507AD /* Debug */,
				5FFACAA729E436C2006507AD /* Release */,
			);
			defaultConfigurationIsVisible = 0;
			defaultConfigurationName = Release;
		};
/* End XCConfigurationList section */

/* Begin XCRemoteSwiftPackageReference section */
		5FFACAD229E706C0006507AD /* XCRemoteSwiftPackageReference "lottie-ios" */ = {
			isa = XCRemoteSwiftPackageReference;
			repositoryURL = "https://github.com/airbnb/lottie-ios.git";
			requirement = {
				branch = master;
				kind = branch;
			};
		};
/* End XCRemoteSwiftPackageReference section */

/* Begin XCSwiftPackageProductDependency section */
		5FFACAD329E706C0006507AD /* Lottie */ = {
			isa = XCSwiftPackageProductDependency;
			package = 5FFACAD229E706C0006507AD /* XCRemoteSwiftPackageReference "lottie-ios" */;
			productName = Lottie;
		};
/* End XCSwiftPackageProductDependency section */
	};
	rootObject = 5FFACA8F29E436BE006507AD /* Project object */;
}
